
Microsoft Visual Studio Solution File, Format Version 12.00
# Visual Studio 2012
Project("{FAE04EC0-301F-11D3-BF4B-00C04F79EFBC}") = "PrismApp.iOS", "iOS\PrismApp.iOS.csproj", "{D0580D8E-60A6-4995-80A8-EC029CA33F36}"
EndProject
Project("{FAE04EC0-301F-11D3-BF4B-00C04F79EFBC}") = "PrismApp.Shared", "PrismApp.Shared\PrismApp.Shared.csproj", "{D4887A8E-B1B5-4B05-AED9-CC209B2F42E3}"
EndProject
Project("{9344BDBB-3E7F-41FC-A0DD-8665D75EE146}") = "PrismApp.Droid", "Droid\PrismApp.Droid.csproj", "{F685FAA3-CB61-4705-90F5-CB8482221CB6}"
EndProject
Project("{FAE04EC0-301F-11D3-BF4B-00C04F79EFBC}") = "PrismApp.PermissionModule", "PrismApp.PermissionModule\PrismApp.PermissionModule.csproj", "{83209A11-749E-4538-8ED6-238BE5B8C323}"
EndProject
Project("{D954291E-2A0B-460D-934E-DC6B0785DB48}") = "PrismApp.Domain", "PrismApp.Domain\PrismApp.Domain.shproj", "{672C6241-472C-420B-8979-A593C49E4B4E}"
EndProject
Global
	GlobalSection(SolutionConfigurationPlatforms) = preSolution
		Debug|Any CPU = Debug|Any CPU
		Release|Any CPU = Release|Any CPU
		Debug|iPhoneSimulator = Debug|iPhoneSimulator
		Release|iPhone = Release|iPhone
		Release|iPhoneSimulator = Release|iPhoneSimulator
		Debug|iPhone = Debug|iPhone
	EndGlobalSection
	GlobalSection(ProjectConfigurationPlatforms) = postSolution
		{D0580D8E-60A6-4995-80A8-EC029CA33F36}.Debug|Any CPU.ActiveCfg = Debug|iPhoneSimulator
		{D0580D8E-60A6-4995-80A8-EC029CA33F36}.Debug|Any CPU.Build.0 = Debug|iPhoneSimulator
		{D0580D8E-60A6-4995-80A8-EC029CA33F36}.Release|Any CPU.ActiveCfg = Release|iPhone
		{D0580D8E-60A6-4995-80A8-EC029CA33F36}.Release|Any CPU.Build.0 = Release|iPhone
		{D0580D8E-60A6-4995-80A8-EC029CA33F36}.Debug|iPhoneSimulator.ActiveCfg = Debug|iPhoneSimulator
		{D0580D8E-60A6-4995-80A8-EC029CA33F36}.Debug|iPhoneSimulator.Build.0 = Debug|iPhoneSimulator
		{D0580D8E-60A6-4995-80A8-EC029CA33F36}.Release|iPhone.ActiveCfg = Release|iPhone
		{D0580D8E-60A6-4995-80A8-EC029CA33F36}.Release|iPhone.Build.0 = Release|iPhone
		{D0580D8E-60A6-4995-80A8-EC029CA33F36}.Release|iPhoneSimulator.ActiveCfg = Release|iPhoneSimulator
		{D0580D8E-60A6-4995-80A8-EC029CA33F36}.Release|iPhoneSimulator.Build.0 = Release|iPhoneSimulator
		{D0580D8E-60A6-4995-80A8-EC029CA33F36}.Debug|iPhone.ActiveCfg = Debug|iPhone
		{D0580D8E-60A6-4995-80A8-EC029CA33F36}.Debug|iPhone.Build.0 = Debug|iPhone
		{D4887A8E-B1B5-4B05-AED9-CC209B2F42E3}.Debug|Any CPU.ActiveCfg = Debug|Any CPU
		{D4887A8E-B1B5-4B05-AED9-CC209B2F42E3}.Debug|Any CPU.Build.0 = Debug|Any CPU
		{D4887A8E-B1B5-4B05-AED9-CC209B2F42E3}.Release|Any CPU.ActiveCfg = Release|Any CPU
		{D4887A8E-B1B5-4B05-AED9-CC209B2F42E3}.Release|Any CPU.Build.0 = Release|Any CPU
		{D4887A8E-B1B5-4B05-AED9-CC209B2F42E3}.Debug|iPhoneSimulator.ActiveCfg = Debug|Any CPU
		{D4887A8E-B1B5-4B05-AED9-CC209B2F42E3}.Debug|iPhoneSimulator.Build.0 = Debug|Any CPU
		{D4887A8E-B1B5-4B05-AED9-CC209B2F42E3}.Release|iPhone.ActiveCfg = Release|Any CPU
		{D4887A8E-B1B5-4B05-AED9-CC209B2F42E3}.Release|iPhone.Build.0 = Release|Any CPU
		{D4887A8E-B1B5-4B05-AED9-CC209B2F42E3}.Release|iPhoneSimulator.ActiveCfg = Release|Any CPU
		{D4887A8E-B1B5-4B05-AED9-CC209B2F42E3}.Release|iPhoneSimulator.Build.0 = Release|Any CPU
		{D4887A8E-B1B5-4B05-AED9-CC209B2F42E3}.Debug|iPhone.ActiveCfg = Debug|Any CPU
		{D4887A8E-B1B5-4B05-AED9-CC209B2F42E3}.Debug|iPhone.Build.0 = Debug|Any CPU
		{F685FAA3-CB61-4705-90F5-CB8482221CB6}.Debug|Any CPU.ActiveCfg = Debug|Any CPU
		{F685FAA3-CB61-4705-90F5-CB8482221CB6}.Debug|Any CPU.Build.0 = Debug|Any CPU
		{F685FAA3-CB61-4705-90F5-CB8482221CB6}.Release|Any CPU.ActiveCfg = Release|Any CPU
		{F685FAA3-CB61-4705-90F5-CB8482221CB6}.Release|Any CPU.Build.0 = Release|Any CPU
		{F685FAA3-CB61-4705-90F5-CB8482221CB6}.Debug|iPhoneSimulator.ActiveCfg = Debug|Any CPU
		{F685FAA3-CB61-4705-90F5-CB8482221CB6}.Debug|iPhoneSimulator.Build.0 = Debug|Any CPU
		{F685FAA3-CB61-4705-90F5-CB8482221CB6}.Release|iPhone.ActiveCfg = Release|Any CPU
		{F685FAA3-CB61-4705-90F5-CB8482221CB6}.Release|iPhone.Build.0 = Release|Any CPU
		{F685FAA3-CB61-4705-90F5-CB8482221CB6}.Release|iPhoneSimulator.ActiveCfg = Release|Any CPU
		{F685FAA3-CB61-4705-90F5-CB8482221CB6}.Release|iPhoneSimulator.Build.0 = Release|Any CPU
		{F685FAA3-CB61-4705-90F5-CB8482221CB6}.Debug|iPhone.ActiveCfg = Debug|Any CPU
		{F685FAA3-CB61-4705-90F5-CB8482221CB6}.Debug|iPhone.Build.0 = Debug|Any CPU
		{83209A11-749E-4538-8ED6-238BE5B8C323}.Debug|Any CPU.ActiveCfg = Debug|Any CPU
		{83209A11-749E-4538-8ED6-238BE5B8C323}.Debug|Any CPU.Build.0 = Debug|Any CPU
		{83209A11-749E-4538-8ED6-238BE5B8C323}.Release|Any CPU.ActiveCfg = Release|Any CPU
		{83209A11-749E-4538-8ED6-238BE5B8C323}.Release|Any CPU.Build.0 = Release|Any CPU
		{83209A11-749E-4538-8ED6-238BE5B8C323}.Debug|iPhoneSimulator.ActiveCfg = Debug|Any CPU
		{83209A11-749E-4538-8ED6-238BE5B8C323}.Debug|iPhoneSimulator.Build.0 = Debug|Any CPU
		{83209A11-749E-4538-8ED6-238BE5B8C323}.Release|iPhone.ActiveCfg = Release|Any CPU
		{83209A11-749E-4538-8ED6-238BE5B8C323}.Release|iPhone.Build.0 = Release|Any CPU
		{83209A11-749E-4538-8ED6-238BE5B8C323}.Release|iPhoneSimulator.ActiveCfg = Release|Any CPU
		{83209A11-749E-4538-8ED6-238BE5B8C323}.Release|iPhoneSimulator.Build.0 = Release|Any CPU
		{83209A11-749E-4538-8ED6-238BE5B8C323}.Debug|iPhone.ActiveCfg = Debug|Any CPU
		{83209A11-749E-4538-8ED6-238BE5B8C323}.Debug|iPhone.Build.0 = Debug|Any CPU
	EndGlobalSection
EndGlobal
